
Microsoft Visual Studio Solution File, Format Version 12.00
# Visual Studio 15
VisualStudioVersion = 15.0.27703.2000
MinimumVisualStudioVersion = 10.0.40219.1
Project("{FAE04EC0-301F-11D3-BF4B-00C04F79EFBC}") = "Indexer", "Indexer\Indexer.csproj", "{AA80A396-ACEA-449B-B08B-FE059C8EC53D}"
EndProject
Global
	GlobalSection(SolutionConfigurationPlatforms) = preSolution
		Debug|Any CPU = Debug|Any CPU
		Release|Any CPU = Release|Any CPU
	EndGlobalSection
	GlobalSection(ProjectConfigurationPlatforms) = postSolution
		{AA80A396-ACEA-449B-B08B-FE059C8EC53D}.Debug|Any CPU.ActiveCfg = Debug|Any CPU
		{AA80A396-ACEA-449B-B08B-FE059C8EC53D}.Debug|Any CPU.Build.0 = Debug|Any CPU
		{AA80A396-ACEA-449B-B08B-FE059C8EC53D}.Release|Any CPU.ActiveCfg = Release|Any CPU
		{AA80A396-ACEA-449B-B08B-FE059C8EC53D}.Release|Any CPU.Build.0 = Release|Any CPU
	EndGlobalSection
	GlobalSection(SolutionProperties) = preSolution
		HideSolutionNode = FALSE
	EndGlobalSection
	GlobalSection(ExtensibilityGlobals) = postSolution
		SolutionGuid = {7FDD1892-67FD-42F2-843F-780D442DEB5E}
	EndGlobalSection
EndGlobal
